// !$*UTF8*$!
{
	archiveVersion = 1;
	classes = {
	};
	objectVersion = 46;
	objects = {

/* Begin PBXBuildFile section */
		030939A71D4D5FE8004CC0A7 /* AppDelegate.swift in Sources */ = {isa = PBXBuildFile; fileRef = 030939A61D4D5FE8004CC0A7 /* AppDelegate.swift */; };
		030939A91D4D5FE8004CC0A7 /* BrowseViewController.swift in Sources */ = {isa = PBXBuildFile; fileRef = 030939A81D4D5FE8004CC0A7 /* BrowseViewController.swift */; };
		030939AC1D4D5FE8004CC0A7 /* Main.storyboard in Resources */ = {isa = PBXBuildFile; fileRef = 030939AA1D4D5FE8004CC0A7 /* Main.storyboard */; };
		030939AE1D4D5FE8004CC0A7 /* Assets.xcassets in Resources */ = {isa = PBXBuildFile; fileRef = 030939AD1D4D5FE8004CC0A7 /* Assets.xcassets */; };
		030939B11D4D5FE8004CC0A7 /* LaunchScreen.storyboard in Resources */ = {isa = PBXBuildFile; fileRef = 030939AF1D4D5FE8004CC0A7 /* LaunchScreen.storyboard */; };
		030939BC1D4D5FE9004CC0A7 /* MonsterpediaTests.swift in Sources */ = {isa = PBXBuildFile; fileRef = 030939BB1D4D5FE9004CC0A7 /* MonsterpediaTests.swift */; };
		030939C71D4D5FE9004CC0A7 /* MonsterpediaUITests.swift in Sources */ = {isa = PBXBuildFile; fileRef = 030939C61D4D5FE9004CC0A7 /* MonsterpediaUITests.swift */; };
		030939D51D4D63B8004CC0A7 /* PokeAPIClient.swift in Sources */ = {isa = PBXBuildFile; fileRef = 030939D41D4D63B8004CC0A7 /* PokeAPIClient.swift */; };
		030939D71D4D9AEA004CC0A7 /* MonsterCell.swift in Sources */ = {isa = PBXBuildFile; fileRef = 030939D61D4D9AEA004CC0A7 /* MonsterCell.swift */; };
		030939D91D4DBA0E004CC0A7 /* CollectionHeaderView.swift in Sources */ = {isa = PBXBuildFile; fileRef = 030939D81D4DBA0E004CC0A7 /* CollectionHeaderView.swift */; };
		030939DE1D4DE643004CC0A7 /* MonstersManager.swift in Sources */ = {isa = PBXBuildFile; fileRef = 030939DD1D4DE643004CC0A7 /* MonstersManager.swift */; };
		030939E01D4DFF6E004CC0A7 /* Monster.swift in Sources */ = {isa = PBXBuildFile; fileRef = 030939DF1D4DFF6E004CC0A7 /* Monster.swift */; };
		030B2D601D6D68110072263C /* CaughtMonstersViewController.swift in Sources */ = {isa = PBXBuildFile; fileRef = 030B2D5F1D6D68110072263C /* CaughtMonstersViewController.swift */; };
		030B2D621D72259D0072263C /* CoreDataStack.swift in Sources */ = {isa = PBXBuildFile; fileRef = 030B2D611D72259D0072263C /* CoreDataStack.swift */; };
		030B2D661D7240940072263C /* InitialTabBarController.swift in Sources */ = {isa = PBXBuildFile; fileRef = 030B2D651D7240940072263C /* InitialTabBarController.swift */; };
		030B2D681D7255F30072263C /* seed.json in Resources */ = {isa = PBXBuildFile; fileRef = 030B2D671D7255F30072263C /* seed.json */; };
		033970791D566C69003A95F3 /* MonsterSpriteCell.swift in Sources */ = {isa = PBXBuildFile; fileRef = 033970781D566C69003A95F3 /* MonsterSpriteCell.swift */; };
		03C60DCA1D5661390046486B /* Model.xcdatamodeld in Sources */ = {isa = PBXBuildFile; fileRef = 03C60DC81D5661390046486B /* Model.xcdatamodeld */; };
/* End PBXBuildFile section */

/* Begin PBXContainerItemProxy section */
		030939B81D4D5FE9004CC0A7 /* PBXContainerItemProxy */ = {
			isa = PBXContainerItemProxy;
			containerPortal = 0309399B1D4D5FE8004CC0A7 /* Project object */;
			proxyType = 1;
			remoteGlobalIDString = 030939A21D4D5FE8004CC0A7;
			remoteInfo = Monsterpedia;
		};
		030939C31D4D5FE9004CC0A7 /* PBXContainerItemProxy */ = {
			isa = PBXContainerItemProxy;
			containerPortal = 0309399B1D4D5FE8004CC0A7 /* Project object */;
			proxyType = 1;
			remoteGlobalIDString = 030939A21D4D5FE8004CC0A7;
			remoteInfo = Monsterpedia;
		};
/* End PBXContainerItemProxy section */

/* Begin PBXFileReference section */
		030939A31D4D5FE8004CC0A7 /* Monsterpedia.app */ = {isa = PBXFileReference; explicitFileType = wrapper.application; includeInIndex = 0; path = Monsterpedia.app; sourceTree = BUILT_PRODUCTS_DIR; };
		030939A61D4D5FE8004CC0A7 /* AppDelegate.swift */ = {isa = PBXFileReference; lastKnownFileType = sourcecode.swift; path = AppDelegate.swift; sourceTree = "<group>"; };
		030939A81D4D5FE8004CC0A7 /* BrowseViewController.swift */ = {isa = PBXFileReference; lastKnownFileType = sourcecode.swift; path = BrowseViewController.swift; sourceTree = "<group>"; };
		030939AB1D4D5FE8004CC0A7 /* Base */ = {isa = PBXFileReference; lastKnownFileType = file.storyboard; name = Base; path = Base.lproj/Main.storyboard; sourceTree = "<group>"; };
		030939AD1D4D5FE8004CC0A7 /* Assets.xcassets */ = {isa = PBXFileReference; lastKnownFileType = folder.assetcatalog; path = Assets.xcassets; sourceTree = "<group>"; };
		030939B01D4D5FE8004CC0A7 /* Base */ = {isa = PBXFileReference; lastKnownFileType = file.storyboard; name = Base; path = Base.lproj/LaunchScreen.storyboard; sourceTree = "<group>"; };
		030939B21D4D5FE9004CC0A7 /* Info.plist */ = {isa = PBXFileReference; lastKnownFileType = text.plist.xml; path = Info.plist; sourceTree = "<group>"; };
		030939B71D4D5FE9004CC0A7 /* MonsterpediaTests.xctest */ = {isa = PBXFileReference; explicitFileType = wrapper.cfbundle; includeInIndex = 0; path = MonsterpediaTests.xctest; sourceTree = BUILT_PRODUCTS_DIR; };
		030939BB1D4D5FE9004CC0A7 /* MonsterpediaTests.swift */ = {isa = PBXFileReference; lastKnownFileType = sourcecode.swift; path = MonsterpediaTests.swift; sourceTree = "<group>"; };
		030939BD1D4D5FE9004CC0A7 /* Info.plist */ = {isa = PBXFileReference; lastKnownFileType = text.plist.xml; path = Info.plist; sourceTree = "<group>"; };
		030939C21D4D5FE9004CC0A7 /* MonsterpediaUITests.xctest */ = {isa = PBXFileReference; explicitFileType = wrapper.cfbundle; includeInIndex = 0; path = MonsterpediaUITests.xctest; sourceTree = BUILT_PRODUCTS_DIR; };
		030939C61D4D5FE9004CC0A7 /* MonsterpediaUITests.swift */ = {isa = PBXFileReference; lastKnownFileType = sourcecode.swift; path = MonsterpediaUITests.swift; sourceTree = "<group>"; };
		030939C81D4D5FE9004CC0A7 /* Info.plist */ = {isa = PBXFileReference; lastKnownFileType = text.plist.xml; path = Info.plist; sourceTree = "<group>"; };
		030939D41D4D63B8004CC0A7 /* PokeAPIClient.swift */ = {isa = PBXFileReference; fileEncoding = 4; lastKnownFileType = sourcecode.swift; path = PokeAPIClient.swift; sourceTree = "<group>"; };
		030939D61D4D9AEA004CC0A7 /* MonsterCell.swift */ = {isa = PBXFileReference; fileEncoding = 4; lastKnownFileType = sourcecode.swift; path = MonsterCell.swift; sourceTree = "<group>"; };
		030939D81D4DBA0E004CC0A7 /* CollectionHeaderView.swift */ = {isa = PBXFileReference; fileEncoding = 4; lastKnownFileType = sourcecode.swift; path = CollectionHeaderView.swift; sourceTree = "<group>"; };
		030939DD1D4DE643004CC0A7 /* MonstersManager.swift */ = {isa = PBXFileReference; fileEncoding = 4; lastKnownFileType = sourcecode.swift; path = MonstersManager.swift; sourceTree = "<group>"; };
		030939DF1D4DFF6E004CC0A7 /* Monster.swift */ = {isa = PBXFileReference; fileEncoding = 4; lastKnownFileType = sourcecode.swift; path = Monster.swift; sourceTree = "<group>"; };
		030B2D5F1D6D68110072263C /* CaughtMonstersViewController.swift */ = {isa = PBXFileReference; fileEncoding = 4; lastKnownFileType = sourcecode.swift; path = CaughtMonstersViewController.swift; sourceTree = "<group>"; };
		030B2D611D72259D0072263C /* CoreDataStack.swift */ = {isa = PBXFileReference; fileEncoding = 4; lastKnownFileType = sourcecode.swift; name = CoreDataStack.swift; path = ../CoreDataStack.swift; sourceTree = "<group>"; };
		030B2D651D7240940072263C /* InitialTabBarController.swift */ = {isa = PBXFileReference; fileEncoding = 4; lastKnownFileType = sourcecode.swift; path = InitialTabBarController.swift; sourceTree = "<group>"; };
		030B2D671D7255F30072263C /* seed.json */ = {isa = PBXFileReference; fileEncoding = 4; lastKnownFileType = text.json; path = seed.json; sourceTree = "<group>"; };
		033970781D566C69003A95F3 /* MonsterSpriteCell.swift */ = {isa = PBXFileReference; fileEncoding = 4; lastKnownFileType = sourcecode.swift; path = MonsterSpriteCell.swift; sourceTree = "<group>"; };
		03C60DC91D5661390046486B /* Model.xcdatamodel */ = {isa = PBXFileReference; lastKnownFileType = wrapper.xcdatamodel; path = Model.xcdatamodel; sourceTree = "<group>"; };
/* End PBXFileReference section */

/* Begin PBXFrameworksBuildPhase section */
		030939A01D4D5FE8004CC0A7 /* Frameworks */ = {
			isa = PBXFrameworksBuildPhase;
			buildActionMask = 2147483647;
			files = (
			);
			runOnlyForDeploymentPostprocessing = 0;
		};
		030939B41D4D5FE9004CC0A7 /* Frameworks */ = {
			isa = PBXFrameworksBuildPhase;
			buildActionMask = 2147483647;
			files = (
			);
			runOnlyForDeploymentPostprocessing = 0;
		};
		030939BF1D4D5FE9004CC0A7 /* Frameworks */ = {
			isa = PBXFrameworksBuildPhase;
			buildActionMask = 2147483647;
			files = (
			);
			runOnlyForDeploymentPostprocessing = 0;
		};
/* End PBXFrameworksBuildPhase section */

/* Begin PBXGroup section */
		0309399A1D4D5FE8004CC0A7 = {
			isa = PBXGroup;
			children = (
				030939A51D4D5FE8004CC0A7 /* Monsterpedia */,
				030939BA1D4D5FE9004CC0A7 /* MonsterpediaTests */,
				030939C51D4D5FE9004CC0A7 /* MonsterpediaUITests */,
				030939A41D4D5FE8004CC0A7 /* Products */,
			);
			sourceTree = "<group>";
		};
		030939A41D4D5FE8004CC0A7 /* Products */ = {
			isa = PBXGroup;
			children = (
				030939A31D4D5FE8004CC0A7 /* Monsterpedia.app */,
				030939B71D4D5FE9004CC0A7 /* MonsterpediaTests.xctest */,
				030939C21D4D5FE9004CC0A7 /* MonsterpediaUITests.xctest */,
			);
			name = Products;
			sourceTree = "<group>";
		};
		030939A51D4D5FE8004CC0A7 /* Monsterpedia */ = {
			isa = PBXGroup;
			children = (
				030939A61D4D5FE8004CC0A7 /* AppDelegate.swift */,
				030939DC1D4DE266004CC0A7 /* Model */,
				030939DA1D4DE1EA004CC0A7 /* View */,
				030939DB1D4DE25C004CC0A7 /* Controller */,
				030939B21D4D5FE9004CC0A7 /* Info.plist */,
			);
			path = Monsterpedia;
			sourceTree = "<group>";
		};
		030939BA1D4D5FE9004CC0A7 /* MonsterpediaTests */ = {
			isa = PBXGroup;
			children = (
				030939BB1D4D5FE9004CC0A7 /* MonsterpediaTests.swift */,
				030939BD1D4D5FE9004CC0A7 /* Info.plist */,
			);
			path = MonsterpediaTests;
			sourceTree = "<group>";
		};
		030939C51D4D5FE9004CC0A7 /* MonsterpediaUITests */ = {
			isa = PBXGroup;
			children = (
				030939C61D4D5FE9004CC0A7 /* MonsterpediaUITests.swift */,
				030939C81D4D5FE9004CC0A7 /* Info.plist */,
			);
			path = MonsterpediaUITests;
			sourceTree = "<group>";
		};
		030939DA1D4DE1EA004CC0A7 /* View */ = {
			isa = PBXGroup;
			children = (
				030939D61D4D9AEA004CC0A7 /* MonsterCell.swift */,
				033970781D566C69003A95F3 /* MonsterSpriteCell.swift */,
				030939D81D4DBA0E004CC0A7 /* CollectionHeaderView.swift */,
				030939AA1D4D5FE8004CC0A7 /* Main.storyboard */,
				030939AF1D4D5FE8004CC0A7 /* LaunchScreen.storyboard */,
				030939AD1D4D5FE8004CC0A7 /* Assets.xcassets */,
			);
			name = View;
			sourceTree = "<group>";
		};
		030939DB1D4DE25C004CC0A7 /* Controller */ = {
			isa = PBXGroup;
			children = (
				030B2D651D7240940072263C /* InitialTabBarController.swift */,
				030939A81D4D5FE8004CC0A7 /* BrowseViewController.swift */,
				030B2D5F1D6D68110072263C /* CaughtMonstersViewController.swift */,
			);
			name = Controller;
			sourceTree = "<group>";
		};
		030939DC1D4DE266004CC0A7 /* Model */ = {
			isa = PBXGroup;
			children = (
				030B2D611D72259D0072263C /* CoreDataStack.swift */,
				03C60DC81D5661390046486B /* Model.xcdatamodeld */,
				030B2D671D7255F30072263C /* seed.json */,
				030939D41D4D63B8004CC0A7 /* PokeAPIClient.swift */,
				030939DD1D4DE643004CC0A7 /* MonstersManager.swift */,
				030939DF1D4DFF6E004CC0A7 /* Monster.swift */,
			);
			name = Model;
			sourceTree = "<group>";
		};
/* End PBXGroup section */

/* Begin PBXNativeTarget section */
		030939A21D4D5FE8004CC0A7 /* Monsterpedia */ = {
			isa = PBXNativeTarget;
			buildConfigurationList = 030939CB1D4D5FE9004CC0A7 /* Build configuration list for PBXNativeTarget "Monsterpedia" */;
			buildPhases = (
				0309399F1D4D5FE8004CC0A7 /* Sources */,
				030939A01D4D5FE8004CC0A7 /* Frameworks */,
				030939A11D4D5FE8004CC0A7 /* Resources */,
			);
			buildRules = (
			);
			dependencies = (
			);
			name = Monsterpedia;
			productName = Monsterpedia;
			productReference = 030939A31D4D5FE8004CC0A7 /* Monsterpedia.app */;
			productType = "com.apple.product-type.application";
		};
		030939B61D4D5FE9004CC0A7 /* MonsterpediaTests */ = {
			isa = PBXNativeTarget;
			buildConfigurationList = 030939CE1D4D5FE9004CC0A7 /* Build configuration list for PBXNativeTarget "MonsterpediaTests" */;
			buildPhases = (
				030939B31D4D5FE9004CC0A7 /* Sources */,
				030939B41D4D5FE9004CC0A7 /* Frameworks */,
				030939B51D4D5FE9004CC0A7 /* Resources */,
			);
			buildRules = (
			);
			dependencies = (
				030939B91D4D5FE9004CC0A7 /* PBXTargetDependency */,
			);
			name = MonsterpediaTests;
			productName = MonsterpediaTests;
			productReference = 030939B71D4D5FE9004CC0A7 /* MonsterpediaTests.xctest */;
			productType = "com.apple.product-type.bundle.unit-test";
		};
		030939C11D4D5FE9004CC0A7 /* MonsterpediaUITests */ = {
			isa = PBXNativeTarget;
			buildConfigurationList = 030939D11D4D5FE9004CC0A7 /* Build configuration list for PBXNativeTarget "MonsterpediaUITests" */;
			buildPhases = (
				030939BE1D4D5FE9004CC0A7 /* Sources */,
				030939BF1D4D5FE9004CC0A7 /* Frameworks */,
				030939C01D4D5FE9004CC0A7 /* Resources */,
			);
			buildRules = (
			);
			dependencies = (
				030939C41D4D5FE9004CC0A7 /* PBXTargetDependency */,
			);
			name = MonsterpediaUITests;
			productName = MonsterpediaUITests;
			productReference = 030939C21D4D5FE9004CC0A7 /* MonsterpediaUITests.xctest */;
			productType = "com.apple.product-type.bundle.ui-testing";
		};
/* End PBXNativeTarget section */

/* Begin PBXProject section */
		0309399B1D4D5FE8004CC0A7 /* Project object */ = {
			isa = PBXProject;
			attributes = {
				LastSwiftUpdateCheck = 0730;
				LastUpgradeCheck = 0730;
				ORGANIZATIONNAME = "Emmanuoel Haroutunian";
				TargetAttributes = {
					030939A21D4D5FE8004CC0A7 = {
						CreatedOnToolsVersion = 7.3.1;
						DevelopmentTeam = 45P953T7BD;
					};
					030939B61D4D5FE9004CC0A7 = {
						CreatedOnToolsVersion = 7.3.1;
						DevelopmentTeam = 45P953T7BD;
						TestTargetID = 030939A21D4D5FE8004CC0A7;
					};
					030939C11D4D5FE9004CC0A7 = {
						CreatedOnToolsVersion = 7.3.1;
						DevelopmentTeam = 45P953T7BD;
						TestTargetID = 030939A21D4D5FE8004CC0A7;
					};
				};
			};
			buildConfigurationList = 0309399E1D4D5FE8004CC0A7 /* Build configuration list for PBXProject "Monsterpedia" */;
			compatibilityVersion = "Xcode 3.2";
			developmentRegion = English;
			hasScannedForEncodings = 0;
			knownRegions = (
				en,
				Base,
			);
			mainGroup = 0309399A1D4D5FE8004CC0A7;
			productRefGroup = 030939A41D4D5FE8004CC0A7 /* Products */;
			projectDirPath = "";
			projectRoot = "";
			targets = (
				030939A21D4D5FE8004CC0A7 /* Monsterpedia */,
				030939B61D4D5FE9004CC0A7 /* MonsterpediaTests */,
				030939C11D4D5FE9004CC0A7 /* MonsterpediaUITests */,
			);
		};
/* End PBXProject section */

/* Begin PBXResourcesBuildPhase section */
		030939A11D4D5FE8004CC0A7 /* Resources */ = {
			isa = PBXResourcesBuildPhase;
			buildActionMask = 2147483647;
			files = (
				030939B11D4D5FE8004CC0A7 /* LaunchScreen.storyboard in Resources */,
				030939AE1D4D5FE8004CC0A7 /* Assets.xcassets in Resources */,
				030B2D681D7255F30072263C /* seed.json in Resources */,
				030939AC1D4D5FE8004CC0A7 /* Main.storyboard in Resources */,
			);
			runOnlyForDeploymentPostprocessing = 0;
		};
		030939B51D4D5FE9004CC0A7 /* Resources */ = {
			isa = PBXResourcesBuildPhase;
			buildActionMask = 2147483647;
			files = (
			);
			runOnlyForDeploymentPostprocessing = 0;
		};
		030939C01D4D5FE9004CC0A7 /* Resources */ = {
			isa = PBXResourcesBuildPhase;
			buildActionMask = 2147483647;
			files = (
			);
			runOnlyForDeploymentPostprocessing = 0;
		};
/* End PBXResourcesBuildPhase section */

/* Begin PBXSourcesBuildPhase section */
		0309399F1D4D5FE8004CC0A7 /* Sources */ = {
			isa = PBXSourcesBuildPhase;
			buildActionMask = 2147483647;
			files = (
				030B2D601D6D68110072263C /* CaughtMonstersViewController.swift in Sources */,
				030939D71D4D9AEA004CC0A7 /* MonsterCell.swift in Sources */,
				033970791D566C69003A95F3 /* MonsterSpriteCell.swift in Sources */,
				030939D91D4DBA0E004CC0A7 /* CollectionHeaderView.swift in Sources */,
				030939DE1D4DE643004CC0A7 /* MonstersManager.swift in Sources */,
				03C60DCA1D5661390046486B /* Model.xcdatamodeld in Sources */,
				030B2D621D72259D0072263C /* CoreDataStack.swift in Sources */,
				030939D51D4D63B8004CC0A7 /* PokeAPIClient.swift in Sources */,
				030939A91D4D5FE8004CC0A7 /* BrowseViewController.swift in Sources */,
				030939A71D4D5FE8004CC0A7 /* AppDelegate.swift in Sources */,
				030B2D661D7240940072263C /* InitialTabBarController.swift in Sources */,
				030939E01D4DFF6E004CC0A7 /* Monster.swift in Sources */,
			);
			runOnlyForDeploymentPostprocessing = 0;
		};
		030939B31D4D5FE9004CC0A7 /* Sources */ = {
			isa = PBXSourcesBuildPhase;
			buildActionMask = 2147483647;
			files = (
				030939BC1D4D5FE9004CC0A7 /* MonsterpediaTests.swift in Sources */,
			);
			runOnlyForDeploymentPostprocessing = 0;
		};
		030939BE1D4D5FE9004CC0A7 /* Sources */ = {
			isa = PBXSourcesBuildPhase;
			buildActionMask = 2147483647;
			files = (
				030939C71D4D5FE9004CC0A7 /* MonsterpediaUITests.swift in Sources */,
			);
			runOnlyForDeploymentPostprocessing = 0;
		};
/* End PBXSourcesBuildPhase section */

/* Begin PBXTargetDependency section */
		030939B91D4D5FE9004CC0A7 /* PBXTargetDependency */ = {
			isa = PBXTargetDependency;
			target = 030939A21D4D5FE8004CC0A7 /* Monsterpedia */;
			targetProxy = 030939B81D4D5FE9004CC0A7 /* PBXContainerItemProxy */;
		};
		030939C41D4D5FE9004CC0A7 /* PBXTargetDependency */ = {
			isa = PBXTargetDependency;
			target = 030939A21D4D5FE8004CC0A7 /* Monsterpedia */;
			targetProxy = 030939C31D4D5FE9004CC0A7 /* PBXContainerItemProxy */;
		};
/* End PBXTargetDependency section */

/* Begin PBXVariantGroup section */
		030939AA1D4D5FE8004CC0A7 /* Main.storyboard */ = {
			isa = PBXVariantGroup;
			children = (
				030939AB1D4D5FE8004CC0A7 /* Base */,
			);
			name = Main.storyboard;
			sourceTree = "<group>";
		};
		030939AF1D4D5FE8004CC0A7 /* LaunchScreen.storyboard */ = {
			isa = PBXVariantGroup;
			children = (
				030939B01D4D5FE8004CC0A7 /* Base */,
			);
			name = LaunchScreen.storyboard;
			sourceTree = "<group>";
		};
/* End PBXVariantGroup section */

/* Begin XCBuildConfiguration section */
		030939C91D4D5FE9004CC0A7 /* Debug */ = {
			isa = XCBuildConfiguration;
			buildSettings = {
				ALWAYS_SEARCH_USER_PATHS = NO;
				CLANG_ANALYZER_NONNULL = YES;
				CLANG_CXX_LANGUAGE_STANDARD = "gnu++0x";
				CLANG_CXX_LIBRARY = "libc++";
				CLANG_ENABLE_MODULES = YES;
				CLANG_ENABLE_OBJC_ARC = YES;
				CLANG_WARN_BOOL_CONVERSION = YES;
				CLANG_WARN_CONSTANT_CONVERSION = YES;
				CLANG_WARN_DIRECT_OBJC_ISA_USAGE = YES_ERROR;
				CLANG_WARN_EMPTY_BODY = YES;
				CLANG_WARN_ENUM_CONVERSION = YES;
				CLANG_WARN_INT_CONVERSION = YES;
				CLANG_WARN_OBJC_ROOT_CLASS = YES_ERROR;
				CLANG_WARN_UNREACHABLE_CODE = YES;
				CLANG_WARN__DUPLICATE_METHOD_MATCH = YES;
				"CODE_SIGN_IDENTITY[sdk=iphoneos*]" = "iPhone Developer";
				COPY_PHASE_STRIP = NO;
				DEBUG_INFORMATION_FORMAT = dwarf;
				ENABLE_STRICT_OBJC_MSGSEND = YES;
				ENABLE_TESTABILITY = YES;
				GCC_C_LANGUAGE_STANDARD = gnu99;
				GCC_DYNAMIC_NO_PIC = NO;
				GCC_NO_COMMON_BLOCKS = YES;
				GCC_OPTIMIZATION_LEVEL = 0;
				GCC_PREPROCESSOR_DEFINITIONS = (
					"DEBUG=1",
					"$(inherited)",
				);
				GCC_WARN_64_TO_32_BIT_CONVERSION = YES;
				GCC_WARN_ABOUT_RETURN_TYPE = YES_ERROR;
				GCC_WARN_UNDECLARED_SELECTOR = YES;
				GCC_WARN_UNINITIALIZED_AUTOS = YES_AGGRESSIVE;
				GCC_WARN_UNUSED_FUNCTION = YES;
				GCC_WARN_UNUSED_VARIABLE = YES;
				IPHONEOS_DEPLOYMENT_TARGET = 9.3;
				MTL_ENABLE_DEBUG_INFO = YES;
				ONLY_ACTIVE_ARCH = YES;
				SDKROOT = iphoneos;
				SWIFT_OPTIMIZATION_LEVEL = "-Onone";
			};
			name = Debug;
		};
		030939CA1D4D5FE9004CC0A7 /* Release */ = {
			isa = XCBuildConfiguration;
			buildSettings = {
				ALWAYS_SEARCH_USER_PATHS = NO;
				CLANG_ANALYZER_NONNULL = YES;
				CLANG_CXX_LANGUAGE_STANDARD = "gnu++0x";
				CLANG_CXX_LIBRARY = "libc++";
				CLANG_ENABLE_MODULES = YES;
				CLANG_ENABLE_OBJC_ARC = YES;
				CLANG_WARN_BOOL_CONVERSION = YES;
				CLANG_WARN_CONSTANT_CONVERSION = YES;
				CLANG_WARN_DIRECT_OBJC_ISA_USAGE = YES_ERROR;
				CLANG_WARN_EMPTY_BODY = YES;
				CLANG_WARN_ENUM_CONVERSION = YES;
				CLANG_WARN_INT_CONVERSION = YES;
				CLANG_WARN_OBJC_ROOT_CLASS = YES_ERROR;
				CLANG_WARN_UNREACHABLE_CODE = YES;
				CLANG_WARN__DUPLICATE_METHOD_MATCH = YES;
				"CODE_SIGN_IDENTITY[sdk=iphoneos*]" = "iPhone Developer";
				COPY_PHASE_STRIP = NO;
				DEBUG_INFORMATION_FORMAT = "dwarf-with-dsym";
				ENABLE_NS_ASSERTIONS = NO;
				ENABLE_STRICT_OBJC_MSGSEND = YES;
				GCC_C_LANGUAGE_STANDARD = gnu99;
				GCC_NO_COMMON_BLOCKS = YES;
				GCC_WARN_64_TO_32_BIT_CONVERSION = YES;
				GCC_WARN_ABOUT_RETURN_TYPE = YES_ERROR;
				GCC_WARN_UNDECLARED_SELECTOR = YES;
				GCC_WARN_UNINITIALIZED_AUTOS = YES_AGGRESSIVE;
				GCC_WARN_UNUSED_FUNCTION = YES;
				GCC_WARN_UNUSED_VARIABLE = YES;
				IPHONEOS_DEPLOYMENT_TARGET = 9.3;
				MTL_ENABLE_DEBUG_INFO = NO;
				SDKROOT = iphoneos;
				VALIDATE_PRODUCT = YES;
			};
			name = Release;
		};
		030939CC1D4D5FE9004CC0A7 /* Debug */ = {
			isa = XCBuildConfiguration;
			buildSettings = {
				ASSETCATALOG_COMPILER_APPICON_NAME = AppIcon;
				INFOPLIST_FILE = Monsterpedia/Info.plist;
				LD_RUNPATH_SEARCH_PATHS = "$(inherited) @executable_path/Frameworks";
				PRODUCT_BUNDLE_IDENTIFIER = com.emmanuoel.Monsterpedia;
				PRODUCT_NAME = "$(TARGET_NAME)";
			};
			name = Debug;
		};
		030939CD1D4D5FE9004CC0A7 /* Release */ = {
			isa = XCBuildConfiguration;
			buildSettings = {
				ASSETCATALOG_COMPILER_APPICON_NAME = AppIcon;
				INFOPLIST_FILE = Monsterpedia/Info.plist;
				LD_RUNPATH_SEARCH_PATHS = "$(inherited) @executable_path/Frameworks";
				PRODUCT_BUNDLE_IDENTIFIER = com.emmanuoel.Monsterpedia;
				PRODUCT_NAME = "$(TARGET_NAME)";
			};
			name = Release;
		};
		030939CF1D4D5FE9004CC0A7 /* Debug */ = {
			isa = XCBuildConfiguration;
			buildSettings = {
				BUNDLE_LOADER = "$(TEST_HOST)";
				INFOPLIST_FILE = MonsterpediaTests/Info.plist;
				LD_RUNPATH_SEARCH_PATHS = "$(inherited) @executable_path/Frameworks @loader_path/Frameworks";
				PRODUCT_BUNDLE_IDENTIFIER = com.emmanuoel.MonsterpediaTests;
				PRODUCT_NAME = "$(TARGET_NAME)";
				TEST_HOST = "$(BUILT_PRODUCTS_DIR)/Monsterpedia.app/Monsterpedia";
			};
			name = Debug;
		};
		030939D01D4D5FE9004CC0A7 /* Release */ = {
			isa = XCBuildConfiguration;
			buildSettings = {
				BUNDLE_LOADER = "$(TEST_HOST)";
				INFOPLIST_FILE = MonsterpediaTests/Info.plist;
				LD_RUNPATH_SEARCH_PATHS = "$(inherited) @executable_path/Frameworks @loader_path/Frameworks";
				PRODUCT_BUNDLE_IDENTIFIER = com.emmanuoel.MonsterpediaTests;
				PRODUCT_NAME = "$(TARGET_NAME)";
				TEST_HOST = "$(BUILT_PRODUCTS_DIR)/Monsterpedia.app/Monsterpedia";
			};
			name = Release;
		};
		030939D21D4D5FE9004CC0A7 /* Debug */ = {
			isa = XCBuildConfiguration;
			buildSettings = {
				INFOPLIST_FILE = MonsterpediaUITests/Info.plist;
				LD_RUNPATH_SEARCH_PATHS = "$(inherited) @executable_path/Frameworks @loader_path/Frameworks";
				PRODUCT_BUNDLE_IDENTIFIER = com.emmanuoel.MonsterpediaUITests;
				PRODUCT_NAME = "$(TARGET_NAME)";
				TEST_TARGET_NAME = Monsterpedia;
			};
			name = Debug;
		};
		030939D31D4D5FE9004CC0A7 /* Release */ = {
			isa = XCBuildConfiguration;
			buildSettings = {
				INFOPLIST_FILE = MonsterpediaUITests/Info.plist;
				LD_RUNPATH_SEARCH_PATHS = "$(inherited) @executable_path/Frameworks @loader_path/Frameworks";
				PRODUCT_BUNDLE_IDENTIFIER = com.emmanuoel.MonsterpediaUITests;
				PRODUCT_NAME = "$(TARGET_NAME)";
				TEST_TARGET_NAME = Monsterpedia;
			};
			name = Release;
		};
/* End XCBuildConfiguration section */

/* Begin XCConfigurationList section */
		0309399E1D4D5FE8004CC0A7 /* Build configuration list for PBXProject "Monsterpedia" */ = {
			isa = XCConfigurationList;
			buildConfigurations = (
				030939C91D4D5FE9004CC0A7 /* Debug */,
				030939CA1D4D5FE9004CC0A7 /* Release */,
			);
			defaultConfigurationIsVisible = 0;
			defaultConfigurationName = Release;
		};
		030939CB1D4D5FE9004CC0A7 /* Build configuration list for PBXNativeTarget "Monsterpedia" */ = {
			isa = XCConfigurationList;
			buildConfigurations = (
				030939CC1D4D5FE9004CC0A7 /* Debug */,
				030939CD1D4D5FE9004CC0A7 /* Release */,
			);
			defaultConfigurationIsVisible = 0;
			defaultConfigurationName = Release;
		};
		030939CE1D4D5FE9004CC0A7 /* Build configuration list for PBXNativeTarget "MonsterpediaTests" */ = {
			isa = XCConfigurationList;
			buildConfigurations = (
				030939CF1D4D5FE9004CC0A7 /* Debug */,
				030939D01D4D5FE9004CC0A7 /* Release */,
			);
			defaultConfigurationIsVisible = 0;
			defaultConfigurationName = Release;
		};
		030939D11D4D5FE9004CC0A7 /* Build configuration list for PBXNativeTarget "MonsterpediaUITests" */ = {
			isa = XCConfigurationList;
			buildConfigurations = (
				030939D21D4D5FE9004CC0A7 /* Debug */,
				030939D31D4D5FE9004CC0A7 /* Release */,
			);
			defaultConfigurationIsVisible = 0;
			defaultConfigurationName = Release;
		};
/* End XCConfigurationList section */

/* Begin XCVersionGroup section */
		03C60DC81D5661390046486B /* Model.xcdatamodeld */ = {
			isa = XCVersionGroup;
			children = (
				03C60DC91D5661390046486B /* Model.xcdatamodel */,
			);
			currentVersion = 03C60DC91D5661390046486B /* Model.xcdatamodel */;
			path = Model.xcdatamodeld;
			sourceTree = "<group>";
			versionGroupType = wrapper.xcdatamodel;
		};
/* End XCVersionGroup section */
	};
	rootObject = 0309399B1D4D5FE8004CC0A7 /* Project object */;
}
